
Microsoft Visual Studio Solution File, Format Version 12.00
# Visual Studio Version 17
VisualStudioVersion = 17.7.34031.279
MinimumVisualStudioVersion = 10.0.40219.1
Project("{FAE04EC0-301F-11D3-BF4B-00C04F79EFBC}") = "Lab 8 potta !", "Lab 8 potta !\Lab 8 potta !.csproj", "{DC22CB9C-BE5F-40E2-9393-1C2A470337CF}"
EndProject
Global
	GlobalSection(SolutionConfigurationPlatforms) = preSolution
		Debug|Any CPU = Debug|Any CPU
		Release|Any CPU = Release|Any CPU
	EndGlobalSection
	GlobalSection(ProjectConfigurationPlatforms) = postSolution
		{DC22CB9C-BE5F-40E2-9393-1C2A470337CF}.Debug|Any CPU.ActiveCfg = Debug|Any CPU
		{DC22CB9C-BE5F-40E2-9393-1C2A470337CF}.Debug|Any CPU.Build.0 = Debug|Any CPU
		{DC22CB9C-BE5F-40E2-9393-1C2A470337CF}.Release|Any CPU.ActiveCfg = Release|Any CPU
		{DC22CB9C-BE5F-40E2-9393-1C2A470337CF}.Release|Any CPU.Build.0 = Release|Any CPU
	EndGlobalSection
	GlobalSection(SolutionProperties) = preSolution
		HideSolutionNode = FALSE
	EndGlobalSection
	GlobalSection(ExtensibilityGlobals) = postSolution
		SolutionGuid = {C323C245-0FBE-47ED-96EA-8BB35E423B31}
	EndGlobalSection
EndGlobal
